Microsoft Visual Studio Solution File, Format Version 12.00
# Visual Studio Version 17
VisualStudioVersion = 17.5.2.0
MinimumVisualStudioVersion = 10.0.40219.1
Project("{FAE04EC0-301F-11D3-BF4B-00C04F79EFBC}") = "unit_of_work", "unit_of_work.csproj", "{B93D1E24-196A-6A4A-ECC6-F571D29E2D6B}"
EndProject
Global
	GlobalSection(SolutionConfigurationPlatforms) = preSolution
		Debug|Any CPU = Debug|Any CPU
		Release|Any CPU = Release|Any CPU
	EndGlobalSection
	GlobalSection(ProjectConfigurationPlatforms) = postSolution
		{B93D1E24-196A-6A4A-ECC6-F571D29E2D6B}.Debug|Any CPU.ActiveCfg = Debug|Any CPU
		{B93D1E24-196A-6A4A-ECC6-F571D29E2D6B}.Debug|Any CPU.Build.0 = Debug|Any CPU
		{B93D1E24-196A-6A4A-ECC6-F571D29E2D6B}.Release|Any CPU.ActiveCfg = Release|Any CPU
		{B93D1E24-196A-6A4A-ECC6-F571D29E2D6B}.Release|Any CPU.Build.0 = Release|Any CPU
	EndGlobalSection
	GlobalSection(SolutionProperties) = preSolution
		HideSolutionNode = FALSE
	EndGlobalSection
	GlobalSection(ExtensibilityGlobals) = postSolution
		SolutionGuid = {C1046265-AD70-4B2E-863C-3707D7CD0E97}
	EndGlobalSection
EndGlobal
