Microsoft Visual Studio Solution File, Format Version 12.00
# Visual Studio Version 17
VisualStudioVersion = 17.5.2.0
MinimumVisualStudioVersion = 10.0.40219.1
Project("{FAE04EC0-301F-11D3-BF4B-00C04F79EFBC}") = "factory_pattern", "factory_pattern.csproj", "{1603CFA7-89A0-D00C-CCA6-1450BF8E44CF}"
EndProject
Global
	GlobalSection(SolutionConfigurationPlatforms) = preSolution
		Debug|Any CPU = Debug|Any CPU
		Release|Any CPU = Release|Any CPU
	EndGlobalSection
	GlobalSection(ProjectConfigurationPlatforms) = postSolution
		{1603CFA7-89A0-D00C-CCA6-1450BF8E44CF}.Debug|Any CPU.ActiveCfg = Debug|Any CPU
		{1603CFA7-89A0-D00C-CCA6-1450BF8E44CF}.Debug|Any CPU.Build.0 = Debug|Any CPU
		{1603CFA7-89A0-D00C-CCA6-1450BF8E44CF}.Release|Any CPU.ActiveCfg = Release|Any CPU
		{1603CFA7-89A0-D00C-CCA6-1450BF8E44CF}.Release|Any CPU.Build.0 = Release|Any CPU
	EndGlobalSection
	GlobalSection(SolutionProperties) = preSolution
		HideSolutionNode = FALSE
	EndGlobalSection
	GlobalSection(ExtensibilityGlobals) = postSolution
		SolutionGuid = {FD129065-5F03-4FE7-BE98-FEC39ECB7419}
	EndGlobalSection
EndGlobal
